
Microsoft Visual Studio Solution File, Format Version 12.00
# Visual Studio 14
VisualStudioVersion = 14.0.25123.0
MinimumVisualStudioVersion = 10.0.40219.1
Project("{FAE04EC0-301F-11D3-BF4B-00C04F79EFBC}") = "Maptionary", "Maptionary\Maptionary.csproj", "{8A8EB87C-D04E-4FEB-A198-7538243F7670}"
EndProject
Project("{FAE04EC0-301F-11D3-BF4B-00C04F79EFBC}") = "MaptionaryTests", "MaptionaryTests\MaptionaryTests.csproj", "{D318891E-521B-47BB-A9DD-F794163FB3A0}"
EndProject
Global
	GlobalSection(SolutionConfigurationPlatforms) = preSolution
		Debug|Any CPU = Debug|Any CPU
		Release|Any CPU = Release|Any CPU
	EndGlobalSection
	GlobalSection(ProjectConfigurationPlatforms) = postSolution
		{8A8EB87C-D04E-4FEB-A198-7538243F7670}.Debug|Any CPU.ActiveCfg = Debug|Any CPU
		{8A8EB87C-D04E-4FEB-A198-7538243F7670}.Debug|Any CPU.Build.0 = Debug|Any CPU
		{8A8EB87C-D04E-4FEB-A198-7538243F7670}.Release|Any CPU.ActiveCfg = Release|Any CPU
		{8A8EB87C-D04E-4FEB-A198-7538243F7670}.Release|Any CPU.Build.0 = Release|Any CPU
		{D318891E-521B-47BB-A9DD-F794163FB3A0}.Debug|Any CPU.ActiveCfg = Debug|Any CPU
		{D318891E-521B-47BB-A9DD-F794163FB3A0}.Debug|Any CPU.Build.0 = Debug|Any CPU
		{D318891E-521B-47BB-A9DD-F794163FB3A0}.Release|Any CPU.ActiveCfg = Release|Any CPU
		{D318891E-521B-47BB-A9DD-F794163FB3A0}.Release|Any CPU.Build.0 = Release|Any CPU
	EndGlobalSection
	GlobalSection(SolutionProperties) = preSolution
		HideSolutionNode = FALSE
	EndGlobalSection
EndGlobal
